
Microsoft Visual Studio Solution File, Format Version 12.00
# Visual Studio Version 16
VisualStudioVersion = 16.0.29519.87
MinimumVisualStudioVersion = 10.0.40219.1
Project("{8BC9CEB8-8B4A-11D0-8D11-00A0C91BC942}") = "FINAL_Camera_Calibration_Practice", "FINAL_Camera_Calibration_Practice\FINAL_Camera_Calibration_Practice.vcxproj", "{A59499B0-99C4-4C93-A021-4E275A4A0367}"
EndProject
Global
	GlobalSection(SolutionConfigurationPlatforms) = preSolution
		Debug|x64 = Debug|x64
		Debug|x86 = Debug|x86
		Release|x64 = Release|x64
		Release|x86 = Release|x86
	EndGlobalSection
	GlobalSection(ProjectConfigurationPlatforms) = postSolution
		{A59499B0-99C4-4C93-A021-4E275A4A0367}.Debug|x64.ActiveCfg = Debug|x64
		{A59499B0-99C4-4C93-A021-4E275A4A0367}.Debug|x64.Build.0 = Debug|x64
		{A59499B0-99C4-4C93-A021-4E275A4A0367}.Debug|x86.ActiveCfg = Debug|Win32
		{A59499B0-99C4-4C93-A021-4E275A4A0367}.Debug|x86.Build.0 = Debug|Win32
		{A59499B0-99C4-4C93-A021-4E275A4A0367}.Release|x64.ActiveCfg = Release|x64
		{A59499B0-99C4-4C93-A021-4E275A4A0367}.Release|x64.Build.0 = Release|x64
		{A59499B0-99C4-4C93-A021-4E275A4A0367}.Release|x86.ActiveCfg = Release|Win32
		{A59499B0-99C4-4C93-A021-4E275A4A0367}.Release|x86.Build.0 = Release|Win32
	EndGlobalSection
	GlobalSection(SolutionProperties) = preSolution
		HideSolutionNode = FALSE
	EndGlobalSection
	GlobalSection(ExtensibilityGlobals) = postSolution
		SolutionGuid = {6B13EE7A-E705-4848-920C-F2BF7EBEFDBD}
	EndGlobalSection
EndGlobal
